
Microsoft Visual Studio Solution File, Format Version 12.00
# Visual Studio 15
VisualStudioVersion = 15.0.28307.1145
MinimumVisualStudioVersion = 10.0.40219.1
Project("{FAE04EC0-301F-11D3-BF4B-00C04F79EFBC}") = "jwtTokenPractice", "jwtTokenPractice.csproj", "{6EBADF12-29C6-45EC-87D2-4BBA42F5083A}"
EndProject
Global
	GlobalSection(SolutionConfigurationPlatforms) = preSolution
		Debug|Any CPU = Debug|Any CPU
		Release|Any CPU = Release|Any CPU
	EndGlobalSection
	GlobalSection(ProjectConfigurationPlatforms) = postSolution
		{6EBADF12-29C6-45EC-87D2-4BBA42F5083A}.Debug|Any CPU.ActiveCfg = Debug|Any CPU
		{6EBADF12-29C6-45EC-87D2-4BBA42F5083A}.Debug|Any CPU.Build.0 = Debug|Any CPU
		{6EBADF12-29C6-45EC-87D2-4BBA42F5083A}.Release|Any CPU.ActiveCfg = Release|Any CPU
		{6EBADF12-29C6-45EC-87D2-4BBA42F5083A}.Release|Any CPU.Build.0 = Release|Any CPU
	EndGlobalSection
	GlobalSection(SolutionProperties) = preSolution
		HideSolutionNode = FALSE
	EndGlobalSection
	GlobalSection(ExtensibilityGlobals) = postSolution
		SolutionGuid = {4F78DB98-BC71-46F9-ACF2-C763A262C78B}
	EndGlobalSection
EndGlobal
